
Microsoft Visual Studio Solution File, Format Version 10.00
# Visual Studio 2008
Project("{FAE04EC0-301F-11D3-BF4B-00C04F79EFBC}") = "Executor", "Executor.cs\Executor.csproj", "{31DC41A3-765B-4F79-9094-AD83D2DDDDE2}"
EndProject
Project("{FAE04EC0-301F-11D3-BF4B-00C04F79EFBC}") = "Controller", "Controller\Controller.csproj", "{9C3EA684-2947-47D0-A529-8129AFEFE283}"
EndProject
Project("{FAE04EC0-301F-11D3-BF4B-00C04F79EFBC}") = "InputCollector", "InputCollector\InputCollector.csproj", "{CDE634D3-CB3F-4FCF-9030-1FE5EABDF0E6}"
EndProject
Project("{FAE04EC0-301F-11D3-BF4B-00C04F79EFBC}") = "NetworkInfrasturcture", "NetworkInfrastructure\NetworkInfrasturcture.csproj", "{332E2CD5-E750-42DB-9A22-9B054202EF28}"
EndProject
Global
	GlobalSection(SolutionConfigurationPlatforms) = preSolution
		Debug|Any CPU = Debug|Any CPU
		Release|Any CPU = Release|Any CPU
	EndGlobalSection
	GlobalSection(ProjectConfigurationPlatforms) = postSolution
		{31DC41A3-765B-4F79-9094-AD83D2DDDDE2}.Debug|Any CPU.ActiveCfg = Debug|Any CPU
		{31DC41A3-765B-4F79-9094-AD83D2DDDDE2}.Debug|Any CPU.Build.0 = Debug|Any CPU
		{31DC41A3-765B-4F79-9094-AD83D2DDDDE2}.Release|Any CPU.ActiveCfg = Release|Any CPU
		{31DC41A3-765B-4F79-9094-AD83D2DDDDE2}.Release|Any CPU.Build.0 = Release|Any CPU
		{9C3EA684-2947-47D0-A529-8129AFEFE283}.Debug|Any CPU.ActiveCfg = Debug|Any CPU
		{9C3EA684-2947-47D0-A529-8129AFEFE283}.Debug|Any CPU.Build.0 = Debug|Any CPU
		{9C3EA684-2947-47D0-A529-8129AFEFE283}.Release|Any CPU.ActiveCfg = Release|Any CPU
		{9C3EA684-2947-47D0-A529-8129AFEFE283}.Release|Any CPU.Build.0 = Release|Any CPU
		{CDE634D3-CB3F-4FCF-9030-1FE5EABDF0E6}.Debug|Any CPU.ActiveCfg = Debug|Any CPU
		{CDE634D3-CB3F-4FCF-9030-1FE5EABDF0E6}.Debug|Any CPU.Build.0 = Debug|Any CPU
		{CDE634D3-CB3F-4FCF-9030-1FE5EABDF0E6}.Release|Any CPU.ActiveCfg = Release|Any CPU
		{CDE634D3-CB3F-4FCF-9030-1FE5EABDF0E6}.Release|Any CPU.Build.0 = Release|Any CPU
		{332E2CD5-E750-42DB-9A22-9B054202EF28}.Debug|Any CPU.ActiveCfg = Debug|Any CPU
		{332E2CD5-E750-42DB-9A22-9B054202EF28}.Debug|Any CPU.Build.0 = Debug|Any CPU
		{332E2CD5-E750-42DB-9A22-9B054202EF28}.Release|Any CPU.ActiveCfg = Release|Any CPU
		{332E2CD5-E750-42DB-9A22-9B054202EF28}.Release|Any CPU.Build.0 = Release|Any CPU
	EndGlobalSection
	GlobalSection(SolutionProperties) = preSolution
		HideSolutionNode = FALSE
	EndGlobalSection
EndGlobal
